
Microsoft Visual Studio Solution File, Format Version 12.00
# Visual Studio Version 16
VisualStudioVersion = 16.0.30717.126
MinimumVisualStudioVersion = 10.0.40219.1
Project("{FAE04EC0-301F-11D3-BF4B-00C04F79EFBC}") = "Personal_Address_Book_DanielTran", "Personal_Adress_Book_DanielTran\Personal_Address_Book_DanielTran.csproj", "{7E8AAE66-4F7E-46AE-BE27-DAF0BCA8B918}"
EndProject
Global
	GlobalSection(SolutionConfigurationPlatforms) = preSolution
		Debug|Any CPU = Debug|Any CPU
		Release|Any CPU = Release|Any CPU
	EndGlobalSection
	GlobalSection(ProjectConfigurationPlatforms) = postSolution
		{7E8AAE66-4F7E-46AE-BE27-DAF0BCA8B918}.Debug|Any CPU.ActiveCfg = Debug|Any CPU
		{7E8AAE66-4F7E-46AE-BE27-DAF0BCA8B918}.Debug|Any CPU.Build.0 = Debug|Any CPU
		{7E8AAE66-4F7E-46AE-BE27-DAF0BCA8B918}.Release|Any CPU.ActiveCfg = Release|Any CPU
		{7E8AAE66-4F7E-46AE-BE27-DAF0BCA8B918}.Release|Any CPU.Build.0 = Release|Any CPU
	EndGlobalSection
	GlobalSection(SolutionProperties) = preSolution
		HideSolutionNode = FALSE
	EndGlobalSection
	GlobalSection(ExtensibilityGlobals) = postSolution
		SolutionGuid = {04A38AFB-9B2A-47A2-89E1-4FAE714BB916}
	EndGlobalSection
EndGlobal
